{
	"name": "@crisma/test-basic",
	"version": "1.0.0-alpha",
	"lockfileVersion": 2,
	"requires": true,
	"packages": {
		"": {
			"name": "@crisma/test-basic",
			"version": "1.0.0-alpha",
			"dependencies": {
				"@crisma/sqlite": "file:../../sqlite"
			}
		},
		"../../sqlite": {
			"version": "1.0.0-alpha"
		},
		"node_modules/@crisma/sqlite": {
			"resolved": "../../sqlite",
			"link": true
		}
	},
	"dependencies": {
		"@crisma/sqlite": {
			"version": "file:../../sqlite"
		}
	}
}
